
Microsoft Visual Studio Solution File, Format Version 12.00
# Visual Studio Version 17
VisualStudioVersion = 17.14.36301.6
MinimumVisualStudioVersion = 10.0.40219.1
Project("{FAE04EC0-301F-11D3-BF4B-00C04F79EFBC}") = "Time.Api", "Time.Api\Time.Api.csproj", "{3BAAB98E-E648-4724-B8EB-7BBCB9309C49}"
EndProject
Global
	GlobalSection(SolutionConfigurationPlatforms) = preSolution
		Debug|Any CPU = Debug|Any CPU
		Release|Any CPU = Release|Any CPU
	EndGlobalSection
	GlobalSection(ProjectConfigurationPlatforms) = postSolution
		{3BAAB98E-E648-4724-B8EB-7BBCB9309C49}.Debug|Any CPU.ActiveCfg = Debug|Any CPU
		{3BAAB98E-E648-4724-B8EB-7BBCB9309C49}.Debug|Any CPU.Build.0 = Debug|Any CPU
		{3BAAB98E-E648-4724-B8EB-7BBCB9309C49}.Release|Any CPU.ActiveCfg = Release|Any CPU
		{3BAAB98E-E648-4724-B8EB-7BBCB9309C49}.Release|Any CPU.Build.0 = Release|Any CPU
	EndGlobalSection
	GlobalSection(SolutionProperties) = preSolution
		HideSolutionNode = FALSE
	EndGlobalSection
	GlobalSection(ExtensibilityGlobals) = postSolution
		SolutionGuid = {ADB59823-5636-4B55-AAE3-ABD10F6EEA3C}
	EndGlobalSection
EndGlobal
